
Microsoft Visual Studio Solution File, Format Version 11.00
# Visual Studio 2010
Project("{FAE04EC0-301F-11D3-BF4B-00C04F79EFBC}") = "TAppTransactionsList", "TAppTransactionsList\TAppTransactionsList.csproj", "{AF522909-8490-4F1C-81E0-9E7A76120B69}"
EndProject
Project("{FAE04EC0-301F-11D3-BF4B-00C04F79EFBC}") = "CommonHelper", "CommonHelper\CommonHelper.csproj", "{F2714BF7-8876-4F27-9D04-A5A6A4E83B22}"
EndProject
Project("{2150E333-8FDC-42A3-9474-1A3956D46DE8}") = "Solution Items", "Solution Items", "{929A3D56-2E94-4B1F-919D-2B0127DDB43F}"
	ProjectSection(SolutionItems) = preProject
		DB_Scripts.txt = DB_Scripts.txt
	EndProjectSection
EndProject
Global
	GlobalSection(SourceCodeControl) = preSolution
		SccNumberOfProjects = 3
		SccLocalPath0 = .
		SccProjectUniqueName1 = CommonHelper\\CommonHelper.csproj
		SccLocalPath1 = .
		SccProjectFilePathRelativizedFromConnection1 = CommonHelper\\
		SccProjectUniqueName2 = TAppTransactionsList\\TAppTransactionsList.csproj
		SccLocalPath2 = .
		SccProjectFilePathRelativizedFromConnection2 = TAppTransactionsList\\
	EndGlobalSection
	GlobalSection(SolutionConfigurationPlatforms) = preSolution
		Debug|Any CPU = Debug|Any CPU
		Debug|Mixed Platforms = Debug|Mixed Platforms
		Debug|x86 = Debug|x86
		Release|Any CPU = Release|Any CPU
		Release|Mixed Platforms = Release|Mixed Platforms
		Release|x86 = Release|x86
	EndGlobalSection
	GlobalSection(ProjectConfigurationPlatforms) = postSolution
		{AF522909-8490-4F1C-81E0-9E7A76120B69}.Debug|Any CPU.ActiveCfg = Debug|x86
		{AF522909-8490-4F1C-81E0-9E7A76120B69}.Debug|Mixed Platforms.ActiveCfg = Debug|x86
		{AF522909-8490-4F1C-81E0-9E7A76120B69}.Debug|Mixed Platforms.Build.0 = Debug|x86
		{AF522909-8490-4F1C-81E0-9E7A76120B69}.Debug|x86.ActiveCfg = Debug|x86
		{AF522909-8490-4F1C-81E0-9E7A76120B69}.Debug|x86.Build.0 = Debug|x86
		{AF522909-8490-4F1C-81E0-9E7A76120B69}.Release|Any CPU.ActiveCfg = Release|x86
		{AF522909-8490-4F1C-81E0-9E7A76120B69}.Release|Mixed Platforms.ActiveCfg = Release|x86
		{AF522909-8490-4F1C-81E0-9E7A76120B69}.Release|Mixed Platforms.Build.0 = Release|x86
		{AF522909-8490-4F1C-81E0-9E7A76120B69}.Release|x86.ActiveCfg = Release|x86
		{AF522909-8490-4F1C-81E0-9E7A76120B69}.Release|x86.Build.0 = Release|x86
		{F2714BF7-8876-4F27-9D04-A5A6A4E83B22}.Debug|Any CPU.ActiveCfg = Debug|Any CPU
		{F2714BF7-8876-4F27-9D04-A5A6A4E83B22}.Debug|Any CPU.Build.0 = Debug|Any CPU
		{F2714BF7-8876-4F27-9D04-A5A6A4E83B22}.Debug|Mixed Platforms.ActiveCfg = Debug|Any CPU
		{F2714BF7-8876-4F27-9D04-A5A6A4E83B22}.Debug|Mixed Platforms.Build.0 = Debug|Any CPU
		{F2714BF7-8876-4F27-9D04-A5A6A4E83B22}.Debug|x86.ActiveCfg = Debug|Any CPU
		{F2714BF7-8876-4F27-9D04-A5A6A4E83B22}.Release|Any CPU.ActiveCfg = Release|Any CPU
		{F2714BF7-8876-4F27-9D04-A5A6A4E83B22}.Release|Any CPU.Build.0 = Release|Any CPU
		{F2714BF7-8876-4F27-9D04-A5A6A4E83B22}.Release|Mixed Platforms.ActiveCfg = Release|Any CPU
		{F2714BF7-8876-4F27-9D04-A5A6A4E83B22}.Release|Mixed Platforms.Build.0 = Release|Any CPU
		{F2714BF7-8876-4F27-9D04-A5A6A4E83B22}.Release|x86.ActiveCfg = Release|Any CPU
	EndGlobalSection
	GlobalSection(SolutionProperties) = preSolution
		HideSolutionNode = FALSE
	EndGlobalSection
EndGlobal
